{
  "name": "HY-Music",
  "lockfileVersion": 2,
  "requires": true,
  "packages": {
    "": {
      "dependencies": {
        "@vant/weapp": "^1.11.6",
        "underscore": "^1.13.7"
      }
    },
    "node_modules/@vant/weapp": {
      "version": "1.11.6",
      "resolved": "https://registry.npmmirror.com/@vant/weapp/-/weapp-1.11.6.tgz",
      "integrity": "sha512-a3heReWYT2gNdsyj6x1hBwsM8V8NrjcPAmle86NH2CD2V/i/h0le75piW6KntSfOPCwekVWMBKhysNrBpJeKdw=="
    },
    "node_modules/underscore": {
      "version": "1.13.7",
      "resolved": "https://registry.npmmirror.com/underscore/-/underscore-1.13.7.tgz",
      "integrity": "sha512-GMXzWtsc57XAtguZgaQViUOzs0KTkk8ojr3/xAxXLITqf/3EMwxC0inyETfDFjH/Krbhuep0HNbbjI9i/q3F3g=="
    }
  },
  "dependencies": {
    "@vant/weapp": {
      "version": "1.11.6",
      "resolved": "https://registry.npmmirror.com/@vant/weapp/-/weapp-1.11.6.tgz",
      "integrity": "sha512-a3heReWYT2gNdsyj6x1hBwsM8V8NrjcPAmle86NH2CD2V/i/h0le75piW6KntSfOPCwekVWMBKhysNrBpJeKdw=="
    },
    "underscore": {
      "version": "1.13.7",
      "resolved": "https://registry.npmmirror.com/underscore/-/underscore-1.13.7.tgz",
      "integrity": "sha512-GMXzWtsc57XAtguZgaQViUOzs0KTkk8ojr3/xAxXLITqf/3EMwxC0inyETfDFjH/Krbhuep0HNbbjI9i/q3F3g=="
    }
  }
}
